
Microsoft Visual Studio Solution File, Format Version 12.00
# Visual Studio 15
VisualStudioVersion = 15.0.27703.2042
MinimumVisualStudioVersion = 10.0.40219.1
Project("{FAE04EC0-301F-11D3-BF4B-00C04F79EFBC}") = "Epsiloner.Core", "Epsil0neR.Core\Epsiloner.Core.csproj", "{DECB758D-F5A2-4EF9-82F6-618506EE2FC6}"
EndProject
Global
	GlobalSection(SolutionConfigurationPlatforms) = preSolution
		Debug|Any CPU = Debug|Any CPU
		Release|Any CPU = Release|Any CPU
	EndGlobalSection
	GlobalSection(ProjectConfigurationPlatforms) = postSolution
		{DECB758D-F5A2-4EF9-82F6-618506EE2FC6}.Debug|Any CPU.ActiveCfg = Debug|Any CPU
		{DECB758D-F5A2-4EF9-82F6-618506EE2FC6}.Debug|Any CPU.Build.0 = Debug|Any CPU
		{DECB758D-F5A2-4EF9-82F6-618506EE2FC6}.Release|Any CPU.ActiveCfg = Release|Any CPU
		{DECB758D-F5A2-4EF9-82F6-618506EE2FC6}.Release|Any CPU.Build.0 = Release|Any CPU
	EndGlobalSection
	GlobalSection(SolutionProperties) = preSolution
		HideSolutionNode = FALSE
	EndGlobalSection
	GlobalSection(ExtensibilityGlobals) = postSolution
		SolutionGuid = {FDA8B106-00E4-4CCB-BAF6-6925E59E9A9F}
	EndGlobalSection
EndGlobal
