
Microsoft Visual Studio Solution File, Format Version 12.00
# Visual Studio 15
VisualStudioVersion = 15.0.27703.2042
MinimumVisualStudioVersion = 10.0.40219.1
Project("{9A19103F-16F7-4668-BE54-9A1E7A4F7556}") = "Epsiloner.Core", "Epsiloner.Core\Epsiloner.Core.csproj", "{CF82A9A1-7771-4439-B3FE-5CAFAE774FCE}"
EndProject
Project("{2150E333-8FDC-42A3-9474-1A3956D46DE8}") = "Solution Items", "Solution Items", "{EAAC8C92-8DBF-4AC7-BB24-B11F2C032244}"
	ProjectSection(SolutionItems) = preProject
		changelog.txt = changelog.txt
	EndProjectSection
EndProject
Global
	GlobalSection(SolutionConfigurationPlatforms) = preSolution
		Debug|Any CPU = Debug|Any CPU
		Release|Any CPU = Release|Any CPU
	EndGlobalSection
	GlobalSection(ProjectConfigurationPlatforms) = postSolution
		{CF82A9A1-7771-4439-B3FE-5CAFAE774FCE}.Debug|Any CPU.ActiveCfg = Debug|Any CPU
		{CF82A9A1-7771-4439-B3FE-5CAFAE774FCE}.Debug|Any CPU.Build.0 = Debug|Any CPU
		{CF82A9A1-7771-4439-B3FE-5CAFAE774FCE}.Release|Any CPU.ActiveCfg = Release|Any CPU
		{CF82A9A1-7771-4439-B3FE-5CAFAE774FCE}.Release|Any CPU.Build.0 = Release|Any CPU
	EndGlobalSection
	GlobalSection(SolutionProperties) = preSolution
		HideSolutionNode = FALSE
	EndGlobalSection
	GlobalSection(ExtensibilityGlobals) = postSolution
		SolutionGuid = {FDA8B106-00E4-4CCB-BAF6-6925E59E9A9F}
	EndGlobalSection
EndGlobal
